
Microsoft Visual Studio Solution File, Format Version 12.00
# Visual Studio Version 17
VisualStudioVersion = 17.5.002.0
MinimumVisualStudioVersion = 10.0.40219.1
Project("{9A19103F-16F7-4668-BE54-9A1E7A4F7556}") = "ContosoPizza", "ContosoPizza.csproj", "{5766F23C-EAD8-48F7-A6CE-2264DAAFFBD0}"
EndProject
Global
	GlobalSection(SolutionConfigurationPlatforms) = preSolution
		Debug|Any CPU = Debug|Any CPU
		Release|Any CPU = Release|Any CPU
	EndGlobalSection
	GlobalSection(ProjectConfigurationPlatforms) = postSolution
		{5766F23C-EAD8-48F7-A6CE-2264DAAFFBD0}.Debug|Any CPU.ActiveCfg = Debug|Any CPU
		{5766F23C-EAD8-48F7-A6CE-2264DAAFFBD0}.Debug|Any CPU.Build.0 = Debug|Any CPU
		{5766F23C-EAD8-48F7-A6CE-2264DAAFFBD0}.Release|Any CPU.ActiveCfg = Release|Any CPU
		{5766F23C-EAD8-48F7-A6CE-2264DAAFFBD0}.Release|Any CPU.Build.0 = Release|Any CPU
	EndGlobalSection
	GlobalSection(SolutionProperties) = preSolution
		HideSolutionNode = FALSE
	EndGlobalSection
	GlobalSection(ExtensibilityGlobals) = postSolution
		SolutionGuid = {ED3CA520-0B92-46D0-B8ED-FF8AD2F597A9}
	EndGlobalSection
EndGlobal
